
Microsoft Visual Studio Solution File, Format Version 12.00
# Visual Studio 15
VisualStudioVersion = 15.0.27130.2010
MinimumVisualStudioVersion = 10.0.40219.1
Project("{FAE04EC0-301F-11D3-BF4B-00C04F79EFBC}") = "KakarotCounter", "KakarotCounter\KakarotCounter.csproj", "{3BEC951E-BA6B-4A32-801C-02C3435AD09B}"
EndProject
Global
	GlobalSection(SolutionConfigurationPlatforms) = preSolution
		Debug|Any CPU = Debug|Any CPU
		Release|Any CPU = Release|Any CPU
	EndGlobalSection
	GlobalSection(ProjectConfigurationPlatforms) = postSolution
		{3BEC951E-BA6B-4A32-801C-02C3435AD09B}.Debug|Any CPU.ActiveCfg = Debug|Any CPU
		{3BEC951E-BA6B-4A32-801C-02C3435AD09B}.Debug|Any CPU.Build.0 = Debug|Any CPU
		{3BEC951E-BA6B-4A32-801C-02C3435AD09B}.Release|Any CPU.ActiveCfg = Release|Any CPU
		{3BEC951E-BA6B-4A32-801C-02C3435AD09B}.Release|Any CPU.Build.0 = Release|Any CPU
	EndGlobalSection
	GlobalSection(SolutionProperties) = preSolution
		HideSolutionNode = FALSE
	EndGlobalSection
	GlobalSection(ExtensibilityGlobals) = postSolution
		SolutionGuid = {C416AC2D-3BD7-4D19-8508-138017515A74}
	EndGlobalSection
EndGlobal
